
Microsoft Visual Studio Solution File, Format Version 12.00
# Visual Studio Version 17
VisualStudioVersion = 17.9.34607.119
MinimumVisualStudioVersion = 10.0.40219.1
Project("{FAE04EC0-301F-11D3-BF4B-00C04F79EFBC}") = "flyweight", "flyweight\flyweight.csproj", "{6CE33DC3-EA1A-43A6-9C90-7B4B917015AF}"
EndProject
Project("{FAE04EC0-301F-11D3-BF4B-00C04F79EFBC}") = "RealWorldExample2", "RealWorldExample2\RealWorldExample2.csproj", "{A0B16772-91C6-46CB-8366-F509EB957791}"
EndProject
Global
	GlobalSection(SolutionConfigurationPlatforms) = preSolution
		Debug|Any CPU = Debug|Any CPU
		Release|Any CPU = Release|Any CPU
	EndGlobalSection
	GlobalSection(ProjectConfigurationPlatforms) = postSolution
		{6CE33DC3-EA1A-43A6-9C90-7B4B917015AF}.Debug|Any CPU.ActiveCfg = Debug|Any CPU
		{6CE33DC3-EA1A-43A6-9C90-7B4B917015AF}.Debug|Any CPU.Build.0 = Debug|Any CPU
		{6CE33DC3-EA1A-43A6-9C90-7B4B917015AF}.Release|Any CPU.ActiveCfg = Release|Any CPU
		{6CE33DC3-EA1A-43A6-9C90-7B4B917015AF}.Release|Any CPU.Build.0 = Release|Any CPU
		{A0B16772-91C6-46CB-8366-F509EB957791}.Debug|Any CPU.ActiveCfg = Debug|Any CPU
		{A0B16772-91C6-46CB-8366-F509EB957791}.Debug|Any CPU.Build.0 = Debug|Any CPU
		{A0B16772-91C6-46CB-8366-F509EB957791}.Release|Any CPU.ActiveCfg = Release|Any CPU
		{A0B16772-91C6-46CB-8366-F509EB957791}.Release|Any CPU.Build.0 = Release|Any CPU
	EndGlobalSection
	GlobalSection(SolutionProperties) = preSolution
		HideSolutionNode = FALSE
	EndGlobalSection
	GlobalSection(ExtensibilityGlobals) = postSolution
		SolutionGuid = {6BADEAE6-A66A-4F1F-A82D-C9EFCD4BCD17}
	EndGlobalSection
EndGlobal
